
Microsoft Visual Studio Solution File, Format Version 12.00
Project("{9A19103F-16F7-4668-BE54-9A1E7A4F7556}") = "_build", "src\build\_build.csproj", "{3A518A40-7705-4FD5-BA28-D95986DE4C3C}"
EndProject
Project("{2150E333-8FDC-42A3-9474-1A3956D46DE8}") = "src", "src", "{A293A48F-7B29-4949-83DA-FDBB3478FC6B}"
EndProject
Project("{FAE04EC0-301F-11D3-BF4B-00C04F79EFBC}") = "JanoPL.RoutesList.StaticFileBuilder", "src\JanoPL.RoutesList.StaticFileBuilder\JanoPL.RoutesList.StaticFileBuilder.csproj", "{355223DD-0954-4068-8F0C-C9AB6D2CEA30}"
EndProject
Project("{2150E333-8FDC-42A3-9474-1A3956D46DE8}") = "tests", "tests", "{2BA8ED7D-A1D6-43F6-8434-125034ADF4EC}"
EndProject
Project("{FAE04EC0-301F-11D3-BF4B-00C04F79EFBC}") = "JanoPL.RoutesList.StaticFileLoader", "src\JanoPL.RoutesList.StaticFileLoader\JanoPL.RoutesList.StaticFileLoader.csproj", "{80AE0939-D32A-42B2-B240-D63D9C0EE1E0}"
EndProject
Project("{FAE04EC0-301F-11D3-BF4B-00C04F79EFBC}") = "IndexCompilerTests", "tests\IndexCompilerTests\IndexCompilerTests.csproj", "{783BE0D1-25C4-43F8-AC6B-330815FF6425}"
EndProject
Project("{FAE04EC0-301F-11D3-BF4B-00C04F79EFBC}") = "JanoPL.RoutesList.HtmlBuilder", "src\JanoPL.RoutesList.HtmlBuilder\JanoPL.RoutesList.HtmlBuilder.csproj", "{6C09E684-A6EB-4CEB-8C6F-F9846F4AD5CA}"
EndProject
Project("{FAE04EC0-301F-11D3-BF4B-00C04F79EFBC}") = "JanoPL.RoutesList.TableBuilder", "src\JanoPL.RoutesList.TableBuilder\JanoPL.RoutesList.TableBuilder.csproj", "{4292BB24-1FD9-4B95-A079-EAAFB09842CF}"
EndProject
Project("{FAE04EC0-301F-11D3-BF4B-00C04F79EFBC}") = "DataHelper", "tests\DataHelper\DataHelper.csproj", "{86157892-90E0-4BA5-AB39-18CE3CBE6FDC}"
EndProject
Project("{FAE04EC0-301F-11D3-BF4B-00C04F79EFBC}") = "TableBuilderTests", "tests\TableBuilderTests\TableBuilderTests.csproj", "{B4EF7B3F-2CAE-4227-A783-D56F89E22565}"
EndProject
Project("{FAE04EC0-301F-11D3-BF4B-00C04F79EFBC}") = "StaticFileLoaderTests", "tests\StaticFileLoaderTests\StaticFileLoaderTests.csproj", "{ABC95C98-B469-4E79-9AEE-10D300ACE3A5}"
EndProject
Project("{FAE04EC0-301F-11D3-BF4B-00C04F79EFBC}") = "HtmlBuilderTests", "tests\HtmlBuilderTests\HtmlBuilderTests.csproj", "{1CE3D158-0B72-4155-9AC5-07136AFAEA73}"
EndProject
Global
	GlobalSection(SolutionConfigurationPlatforms) = preSolution
		Debug|Any CPU = Debug|Any CPU
		Release|Any CPU = Release|Any CPU
	EndGlobalSection
	GlobalSection(ProjectConfigurationPlatforms) = postSolution
		{3A518A40-7705-4FD5-BA28-D95986DE4C3C}.Debug|Any CPU.ActiveCfg = Debug|Any CPU
		{3A518A40-7705-4FD5-BA28-D95986DE4C3C}.Release|Any CPU.ActiveCfg = Release|Any CPU
		{355223DD-0954-4068-8F0C-C9AB6D2CEA30}.Debug|Any CPU.ActiveCfg = Debug|Any CPU
		{355223DD-0954-4068-8F0C-C9AB6D2CEA30}.Debug|Any CPU.Build.0 = Debug|Any CPU
		{355223DD-0954-4068-8F0C-C9AB6D2CEA30}.Release|Any CPU.ActiveCfg = Release|Any CPU
		{355223DD-0954-4068-8F0C-C9AB6D2CEA30}.Release|Any CPU.Build.0 = Release|Any CPU
		{80AE0939-D32A-42B2-B240-D63D9C0EE1E0}.Debug|Any CPU.ActiveCfg = Debug|Any CPU
		{80AE0939-D32A-42B2-B240-D63D9C0EE1E0}.Debug|Any CPU.Build.0 = Debug|Any CPU
		{80AE0939-D32A-42B2-B240-D63D9C0EE1E0}.Release|Any CPU.ActiveCfg = Release|Any CPU
		{80AE0939-D32A-42B2-B240-D63D9C0EE1E0}.Release|Any CPU.Build.0 = Release|Any CPU
		{783BE0D1-25C4-43F8-AC6B-330815FF6425}.Debug|Any CPU.ActiveCfg = Debug|Any CPU
		{783BE0D1-25C4-43F8-AC6B-330815FF6425}.Debug|Any CPU.Build.0 = Debug|Any CPU
		{783BE0D1-25C4-43F8-AC6B-330815FF6425}.Release|Any CPU.ActiveCfg = Release|Any CPU
		{783BE0D1-25C4-43F8-AC6B-330815FF6425}.Release|Any CPU.Build.0 = Release|Any CPU
		{6C09E684-A6EB-4CEB-8C6F-F9846F4AD5CA}.Debug|Any CPU.ActiveCfg = Debug|Any CPU
		{6C09E684-A6EB-4CEB-8C6F-F9846F4AD5CA}.Debug|Any CPU.Build.0 = Debug|Any CPU
		{6C09E684-A6EB-4CEB-8C6F-F9846F4AD5CA}.Release|Any CPU.ActiveCfg = Release|Any CPU
		{6C09E684-A6EB-4CEB-8C6F-F9846F4AD5CA}.Release|Any CPU.Build.0 = Release|Any CPU
		{4292BB24-1FD9-4B95-A079-EAAFB09842CF}.Debug|Any CPU.ActiveCfg = Debug|Any CPU
		{4292BB24-1FD9-4B95-A079-EAAFB09842CF}.Debug|Any CPU.Build.0 = Debug|Any CPU
		{4292BB24-1FD9-4B95-A079-EAAFB09842CF}.Release|Any CPU.ActiveCfg = Release|Any CPU
		{4292BB24-1FD9-4B95-A079-EAAFB09842CF}.Release|Any CPU.Build.0 = Release|Any CPU
		{86157892-90E0-4BA5-AB39-18CE3CBE6FDC}.Debug|Any CPU.ActiveCfg = Debug|Any CPU
		{86157892-90E0-4BA5-AB39-18CE3CBE6FDC}.Debug|Any CPU.Build.0 = Debug|Any CPU
		{86157892-90E0-4BA5-AB39-18CE3CBE6FDC}.Release|Any CPU.ActiveCfg = Release|Any CPU
		{86157892-90E0-4BA5-AB39-18CE3CBE6FDC}.Release|Any CPU.Build.0 = Release|Any CPU
		{B4EF7B3F-2CAE-4227-A783-D56F89E22565}.Debug|Any CPU.ActiveCfg = Debug|Any CPU
		{B4EF7B3F-2CAE-4227-A783-D56F89E22565}.Debug|Any CPU.Build.0 = Debug|Any CPU
		{B4EF7B3F-2CAE-4227-A783-D56F89E22565}.Release|Any CPU.ActiveCfg = Release|Any CPU
		{B4EF7B3F-2CAE-4227-A783-D56F89E22565}.Release|Any CPU.Build.0 = Release|Any CPU
		{ABC95C98-B469-4E79-9AEE-10D300ACE3A5}.Debug|Any CPU.ActiveCfg = Debug|Any CPU
		{ABC95C98-B469-4E79-9AEE-10D300ACE3A5}.Debug|Any CPU.Build.0 = Debug|Any CPU
		{ABC95C98-B469-4E79-9AEE-10D300ACE3A5}.Release|Any CPU.ActiveCfg = Release|Any CPU
		{ABC95C98-B469-4E79-9AEE-10D300ACE3A5}.Release|Any CPU.Build.0 = Release|Any CPU
		{1CE3D158-0B72-4155-9AC5-07136AFAEA73}.Debug|Any CPU.ActiveCfg = Debug|Any CPU
		{1CE3D158-0B72-4155-9AC5-07136AFAEA73}.Debug|Any CPU.Build.0 = Debug|Any CPU
		{1CE3D158-0B72-4155-9AC5-07136AFAEA73}.Release|Any CPU.ActiveCfg = Release|Any CPU
		{1CE3D158-0B72-4155-9AC5-07136AFAEA73}.Release|Any CPU.Build.0 = Release|Any CPU
	EndGlobalSection
	GlobalSection(NestedProjects) = preSolution
		{3A518A40-7705-4FD5-BA28-D95986DE4C3C} = {A293A48F-7B29-4949-83DA-FDBB3478FC6B}
		{355223DD-0954-4068-8F0C-C9AB6D2CEA30} = {A293A48F-7B29-4949-83DA-FDBB3478FC6B}
		{80AE0939-D32A-42B2-B240-D63D9C0EE1E0} = {A293A48F-7B29-4949-83DA-FDBB3478FC6B}
		{783BE0D1-25C4-43F8-AC6B-330815FF6425} = {2BA8ED7D-A1D6-43F6-8434-125034ADF4EC}
		{6C09E684-A6EB-4CEB-8C6F-F9846F4AD5CA} = {A293A48F-7B29-4949-83DA-FDBB3478FC6B}
		{4292BB24-1FD9-4B95-A079-EAAFB09842CF} = {A293A48F-7B29-4949-83DA-FDBB3478FC6B}
		{86157892-90E0-4BA5-AB39-18CE3CBE6FDC} = {2BA8ED7D-A1D6-43F6-8434-125034ADF4EC}
		{B4EF7B3F-2CAE-4227-A783-D56F89E22565} = {2BA8ED7D-A1D6-43F6-8434-125034ADF4EC}
		{ABC95C98-B469-4E79-9AEE-10D300ACE3A5} = {2BA8ED7D-A1D6-43F6-8434-125034ADF4EC}
		{1CE3D158-0B72-4155-9AC5-07136AFAEA73} = {2BA8ED7D-A1D6-43F6-8434-125034ADF4EC}
	EndGlobalSection
EndGlobal
